
Microsoft Visual Studio Solution File, Format Version 12.00
# Visual Studio Version 17
VisualStudioVersion = 17.8.34330.188
MinimumVisualStudioVersion = 10.0.40219.1
Project("{2150E333-8FDC-42A3-9474-1A3956D46DE8}") = "src", "src", "{5BF0F93C-6629-4390-B5DB-D4F811EEB282}"
EndProject
Project("{2150E333-8FDC-42A3-9474-1A3956D46DE8}") = "tests", "tests", "{CB4EB6E1-16FF-4657-8A85-9BFF6D2B8D22}"
EndProject
Project("{9A19103F-16F7-4668-BE54-9A1E7A4F7556}") = "Domain", "Domain\Domain.csproj", "{D3205B90-0575-4E0B-8B45-EBC0A515E009}"
EndProject
Project("{9A19103F-16F7-4668-BE54-9A1E7A4F7556}") = "Domain.UnitTests", "Domain.UnitTests\Domain.UnitTests.csproj", "{A51ACE07-78ED-407A-A898-53D4C16F461A}"
EndProject
Project("{9A19103F-16F7-4668-BE54-9A1E7A4F7556}") = "ArchitectureTests", "ArchitectureTests\ArchitectureTests.csproj", "{FAF1A588-59C5-48DF-A39F-D766A321700B}"
EndProject
Project("{9A19103F-16F7-4668-BE54-9A1E7A4F7556}") = "SharedKernel", "SharedKernel\SharedKernel.csproj", "{8C653C5C-0C67-4756-B9B2-94666362619B}"
EndProject
Project("{9A19103F-16F7-4668-BE54-9A1E7A4F7556}") = "Application", "Application\Application.csproj", "{BCEC46DD-B6FB-485C-A7D2-7D049BE0989A}"
EndProject
Project("{9A19103F-16F7-4668-BE54-9A1E7A4F7556}") = "Application.UnitTests", "Application.UnitTests\Application.UnitTests.csproj", "{19EF4C1F-44A7-4E39-8778-BFF3775FFBED}"
EndProject
Project("{9A19103F-16F7-4668-BE54-9A1E7A4F7556}") = "Infrastructure", "Infrastructure\Infrastructure.csproj", "{4C066E59-F330-4EE4-B9EE-1482B0E5E79C}"
EndProject
Project("{9A19103F-16F7-4668-BE54-9A1E7A4F7556}") = "Presentation", "Presentation\Presentation.csproj", "{13477921-F08B-4F07-B18D-AFD6FC2CA78F}"
EndProject
Project("{FAE04EC0-301F-11D3-BF4B-00C04F79EFBC}") = "WebApi", "WebApi\WebApi.csproj", "{B6D42CB5-F999-468E-BDD0-DE23CA132261}"
EndProject
Global
	GlobalSection(SolutionConfigurationPlatforms) = preSolution
		Debug|Any CPU = Debug|Any CPU
		Release|Any CPU = Release|Any CPU
	EndGlobalSection
	GlobalSection(ProjectConfigurationPlatforms) = postSolution
		{D3205B90-0575-4E0B-8B45-EBC0A515E009}.Debug|Any CPU.ActiveCfg = Debug|Any CPU
		{D3205B90-0575-4E0B-8B45-EBC0A515E009}.Debug|Any CPU.Build.0 = Debug|Any CPU
		{D3205B90-0575-4E0B-8B45-EBC0A515E009}.Release|Any CPU.ActiveCfg = Release|Any CPU
		{D3205B90-0575-4E0B-8B45-EBC0A515E009}.Release|Any CPU.Build.0 = Release|Any CPU
		{A51ACE07-78ED-407A-A898-53D4C16F461A}.Debug|Any CPU.ActiveCfg = Debug|Any CPU
		{A51ACE07-78ED-407A-A898-53D4C16F461A}.Debug|Any CPU.Build.0 = Debug|Any CPU
		{A51ACE07-78ED-407A-A898-53D4C16F461A}.Release|Any CPU.ActiveCfg = Release|Any CPU
		{A51ACE07-78ED-407A-A898-53D4C16F461A}.Release|Any CPU.Build.0 = Release|Any CPU
		{FAF1A588-59C5-48DF-A39F-D766A321700B}.Debug|Any CPU.ActiveCfg = Debug|Any CPU
		{FAF1A588-59C5-48DF-A39F-D766A321700B}.Debug|Any CPU.Build.0 = Debug|Any CPU
		{FAF1A588-59C5-48DF-A39F-D766A321700B}.Release|Any CPU.ActiveCfg = Release|Any CPU
		{FAF1A588-59C5-48DF-A39F-D766A321700B}.Release|Any CPU.Build.0 = Release|Any CPU
		{8C653C5C-0C67-4756-B9B2-94666362619B}.Debug|Any CPU.ActiveCfg = Debug|Any CPU
		{8C653C5C-0C67-4756-B9B2-94666362619B}.Debug|Any CPU.Build.0 = Debug|Any CPU
		{8C653C5C-0C67-4756-B9B2-94666362619B}.Release|Any CPU.ActiveCfg = Release|Any CPU
		{8C653C5C-0C67-4756-B9B2-94666362619B}.Release|Any CPU.Build.0 = Release|Any CPU
		{BCEC46DD-B6FB-485C-A7D2-7D049BE0989A}.Debug|Any CPU.ActiveCfg = Debug|Any CPU
		{BCEC46DD-B6FB-485C-A7D2-7D049BE0989A}.Debug|Any CPU.Build.0 = Debug|Any CPU
		{BCEC46DD-B6FB-485C-A7D2-7D049BE0989A}.Release|Any CPU.ActiveCfg = Release|Any CPU
		{BCEC46DD-B6FB-485C-A7D2-7D049BE0989A}.Release|Any CPU.Build.0 = Release|Any CPU
		{19EF4C1F-44A7-4E39-8778-BFF3775FFBED}.Debug|Any CPU.ActiveCfg = Debug|Any CPU
		{19EF4C1F-44A7-4E39-8778-BFF3775FFBED}.Debug|Any CPU.Build.0 = Debug|Any CPU
		{19EF4C1F-44A7-4E39-8778-BFF3775FFBED}.Release|Any CPU.ActiveCfg = Release|Any CPU
		{19EF4C1F-44A7-4E39-8778-BFF3775FFBED}.Release|Any CPU.Build.0 = Release|Any CPU
		{4C066E59-F330-4EE4-B9EE-1482B0E5E79C}.Debug|Any CPU.ActiveCfg = Debug|Any CPU
		{4C066E59-F330-4EE4-B9EE-1482B0E5E79C}.Debug|Any CPU.Build.0 = Debug|Any CPU
		{4C066E59-F330-4EE4-B9EE-1482B0E5E79C}.Release|Any CPU.ActiveCfg = Release|Any CPU
		{4C066E59-F330-4EE4-B9EE-1482B0E5E79C}.Release|Any CPU.Build.0 = Release|Any CPU
		{13477921-F08B-4F07-B18D-AFD6FC2CA78F}.Debug|Any CPU.ActiveCfg = Debug|Any CPU
		{13477921-F08B-4F07-B18D-AFD6FC2CA78F}.Debug|Any CPU.Build.0 = Debug|Any CPU
		{13477921-F08B-4F07-B18D-AFD6FC2CA78F}.Release|Any CPU.ActiveCfg = Release|Any CPU
		{13477921-F08B-4F07-B18D-AFD6FC2CA78F}.Release|Any CPU.Build.0 = Release|Any CPU
		{B6D42CB5-F999-468E-BDD0-DE23CA132261}.Debug|Any CPU.ActiveCfg = Debug|Any CPU
		{B6D42CB5-F999-468E-BDD0-DE23CA132261}.Debug|Any CPU.Build.0 = Debug|Any CPU
		{B6D42CB5-F999-468E-BDD0-DE23CA132261}.Release|Any CPU.ActiveCfg = Release|Any CPU
		{B6D42CB5-F999-468E-BDD0-DE23CA132261}.Release|Any CPU.Build.0 = Release|Any CPU
	EndGlobalSection
	GlobalSection(SolutionProperties) = preSolution
		HideSolutionNode = FALSE
	EndGlobalSection
	GlobalSection(NestedProjects) = preSolution
		{D3205B90-0575-4E0B-8B45-EBC0A515E009} = {5BF0F93C-6629-4390-B5DB-D4F811EEB282}
		{A51ACE07-78ED-407A-A898-53D4C16F461A} = {CB4EB6E1-16FF-4657-8A85-9BFF6D2B8D22}
		{FAF1A588-59C5-48DF-A39F-D766A321700B} = {CB4EB6E1-16FF-4657-8A85-9BFF6D2B8D22}
		{8C653C5C-0C67-4756-B9B2-94666362619B} = {5BF0F93C-6629-4390-B5DB-D4F811EEB282}
		{BCEC46DD-B6FB-485C-A7D2-7D049BE0989A} = {5BF0F93C-6629-4390-B5DB-D4F811EEB282}
		{19EF4C1F-44A7-4E39-8778-BFF3775FFBED} = {CB4EB6E1-16FF-4657-8A85-9BFF6D2B8D22}
		{4C066E59-F330-4EE4-B9EE-1482B0E5E79C} = {5BF0F93C-6629-4390-B5DB-D4F811EEB282}
		{13477921-F08B-4F07-B18D-AFD6FC2CA78F} = {5BF0F93C-6629-4390-B5DB-D4F811EEB282}
		{B6D42CB5-F999-468E-BDD0-DE23CA132261} = {5BF0F93C-6629-4390-B5DB-D4F811EEB282}
	EndGlobalSection
	GlobalSection(ExtensibilityGlobals) = postSolution
		SolutionGuid = {BCC9469E-5AC1-4CF9-92CA-63B312507329}
	EndGlobalSection
EndGlobal
